
Microsoft Visual Studio Solution File, Format Version 12.00
# Visual Studio Version 16
VisualStudioVersion = 16.0.30225.117
MinimumVisualStudioVersion = 10.0.40219.1
Project("{FAE04EC0-301F-11D3-BF4B-00C04F79EFBC}") = "DirectumMeetings", "DirectumMeetings.csproj", "{BE11D18F-2CA4-45C9-8AEE-9C2A2C7FA713}"
EndProject
Global
	GlobalSection(SolutionConfigurationPlatforms) = preSolution
		Debug|Any CPU = Debug|Any CPU
		Release|Any CPU = Release|Any CPU
	EndGlobalSection
	GlobalSection(ProjectConfigurationPlatforms) = postSolution
		{BE11D18F-2CA4-45C9-8AEE-9C2A2C7FA713}.Debug|Any CPU.ActiveCfg = Debug|Any CPU
		{BE11D18F-2CA4-45C9-8AEE-9C2A2C7FA713}.Debug|Any CPU.Build.0 = Debug|Any CPU
		{BE11D18F-2CA4-45C9-8AEE-9C2A2C7FA713}.Release|Any CPU.ActiveCfg = Release|Any CPU
		{BE11D18F-2CA4-45C9-8AEE-9C2A2C7FA713}.Release|Any CPU.Build.0 = Release|Any CPU
	EndGlobalSection
	GlobalSection(SolutionProperties) = preSolution
		HideSolutionNode = FALSE
	EndGlobalSection
	GlobalSection(ExtensibilityGlobals) = postSolution
		SolutionGuid = {E3462294-EE84-4CEC-AA38-B5A339B816E3}
	EndGlobalSection
EndGlobal
